
Microsoft Visual Studio Solution File, Format Version 12.00
# Visual Studio 2013
VisualStudioVersion = 12.0.40629.0
MinimumVisualStudioVersion = 10.0.40219.1
Project("{FAE04EC0-301F-11D3-BF4B-00C04F79EFBC}") = "MCO.Applications.WebDispatchPerformance", "WebDispatchPerformance\MCO.Applications.WebDispatchPerformance.csproj", "{FCF58716-1A37-429E-8DA4-41EAC3A4E039}"
EndProject
Project("{FAE04EC0-301F-11D3-BF4B-00C04F79EFBC}") = "MCO.Core", "..\..\MCO\Lib\MCO.Core\MCO.Core.csproj", "{D2D6D92C-7E13-45E5-A839-A719E004F307}"
EndProject
Project("{FAE04EC0-301F-11D3-BF4B-00C04F79EFBC}") = "MCO.Data", "..\..\MCO\Lib\MCO.Data\MCO.Data.csproj", "{B2E29057-6D25-425F-AE37-C54A5B9EA271}"
EndProject
Project("{FAE04EC0-301F-11D3-BF4B-00C04F79EFBC}") = "MCO.Data.WebDispatchPerformance", "MCO.Data.WebDispatchPerformance\MCO.Data.WebDispatchPerformance.csproj", "{A086AA2E-EC54-4582-888F-CE4868839B34}"
EndProject
Project("{FAE04EC0-301F-11D3-BF4B-00C04F79EFBC}") = "MCO.Services.WebDispatchPerformance", "MCO.Services.WebDispatchPerformance\MCO.Services.WebDispatchPerformance.csproj", "{DF067BCE-3258-4250-A289-BFAF86E2CA4A}"
EndProject
Global
	GlobalSection(SolutionConfigurationPlatforms) = preSolution
		Debug|Any CPU = Debug|Any CPU
		QA|Any CPU = QA|Any CPU
		Release|Any CPU = Release|Any CPU
		Test|Any CPU = Test|Any CPU
	EndGlobalSection
	GlobalSection(ProjectConfigurationPlatforms) = postSolution
		{FCF58716-1A37-429E-8DA4-41EAC3A4E039}.Debug|Any CPU.ActiveCfg = Debug|Any CPU
		{FCF58716-1A37-429E-8DA4-41EAC3A4E039}.Debug|Any CPU.Build.0 = Debug|Any CPU
		{FCF58716-1A37-429E-8DA4-41EAC3A4E039}.QA|Any CPU.ActiveCfg = QA|Any CPU
		{FCF58716-1A37-429E-8DA4-41EAC3A4E039}.QA|Any CPU.Build.0 = QA|Any CPU
		{FCF58716-1A37-429E-8DA4-41EAC3A4E039}.Release|Any CPU.ActiveCfg = Release|Any CPU
		{FCF58716-1A37-429E-8DA4-41EAC3A4E039}.Release|Any CPU.Build.0 = Release|Any CPU
		{FCF58716-1A37-429E-8DA4-41EAC3A4E039}.Test|Any CPU.ActiveCfg = Test|Any CPU
		{FCF58716-1A37-429E-8DA4-41EAC3A4E039}.Test|Any CPU.Build.0 = Test|Any CPU
		{D2D6D92C-7E13-45E5-A839-A719E004F307}.Debug|Any CPU.ActiveCfg = Debug|Any CPU
		{D2D6D92C-7E13-45E5-A839-A719E004F307}.Debug|Any CPU.Build.0 = Debug|Any CPU
		{D2D6D92C-7E13-45E5-A839-A719E004F307}.QA|Any CPU.ActiveCfg = QA|Any CPU
		{D2D6D92C-7E13-45E5-A839-A719E004F307}.QA|Any CPU.Build.0 = QA|Any CPU
		{D2D6D92C-7E13-45E5-A839-A719E004F307}.Release|Any CPU.ActiveCfg = Release|Any CPU
		{D2D6D92C-7E13-45E5-A839-A719E004F307}.Release|Any CPU.Build.0 = Release|Any CPU
		{D2D6D92C-7E13-45E5-A839-A719E004F307}.Test|Any CPU.ActiveCfg = Test|Any CPU
		{D2D6D92C-7E13-45E5-A839-A719E004F307}.Test|Any CPU.Build.0 = Test|Any CPU
		{B2E29057-6D25-425F-AE37-C54A5B9EA271}.Debug|Any CPU.ActiveCfg = Debug|Any CPU
		{B2E29057-6D25-425F-AE37-C54A5B9EA271}.Debug|Any CPU.Build.0 = Debug|Any CPU
		{B2E29057-6D25-425F-AE37-C54A5B9EA271}.QA|Any CPU.ActiveCfg = QA|Any CPU
		{B2E29057-6D25-425F-AE37-C54A5B9EA271}.QA|Any CPU.Build.0 = QA|Any CPU
		{B2E29057-6D25-425F-AE37-C54A5B9EA271}.Release|Any CPU.ActiveCfg = Release|Any CPU
		{B2E29057-6D25-425F-AE37-C54A5B9EA271}.Release|Any CPU.Build.0 = Release|Any CPU
		{B2E29057-6D25-425F-AE37-C54A5B9EA271}.Test|Any CPU.ActiveCfg = Test|Any CPU
		{B2E29057-6D25-425F-AE37-C54A5B9EA271}.Test|Any CPU.Build.0 = Test|Any CPU
		{A086AA2E-EC54-4582-888F-CE4868839B34}.Debug|Any CPU.ActiveCfg = Debug|Any CPU
		{A086AA2E-EC54-4582-888F-CE4868839B34}.Debug|Any CPU.Build.0 = Debug|Any CPU
		{A086AA2E-EC54-4582-888F-CE4868839B34}.QA|Any CPU.ActiveCfg = QA|Any CPU
		{A086AA2E-EC54-4582-888F-CE4868839B34}.QA|Any CPU.Build.0 = QA|Any CPU
		{A086AA2E-EC54-4582-888F-CE4868839B34}.Release|Any CPU.ActiveCfg = Release|Any CPU
		{A086AA2E-EC54-4582-888F-CE4868839B34}.Release|Any CPU.Build.0 = Release|Any CPU
		{A086AA2E-EC54-4582-888F-CE4868839B34}.Test|Any CPU.ActiveCfg = Test|Any CPU
		{A086AA2E-EC54-4582-888F-CE4868839B34}.Test|Any CPU.Build.0 = Test|Any CPU
		{DF067BCE-3258-4250-A289-BFAF86E2CA4A}.Debug|Any CPU.ActiveCfg = Debug|Any CPU
		{DF067BCE-3258-4250-A289-BFAF86E2CA4A}.Debug|Any CPU.Build.0 = Debug|Any CPU
		{DF067BCE-3258-4250-A289-BFAF86E2CA4A}.QA|Any CPU.ActiveCfg = QA|Any CPU
		{DF067BCE-3258-4250-A289-BFAF86E2CA4A}.QA|Any CPU.Build.0 = QA|Any CPU
		{DF067BCE-3258-4250-A289-BFAF86E2CA4A}.Release|Any CPU.ActiveCfg = Release|Any CPU
		{DF067BCE-3258-4250-A289-BFAF86E2CA4A}.Release|Any CPU.Build.0 = Release|Any CPU
		{DF067BCE-3258-4250-A289-BFAF86E2CA4A}.Test|Any CPU.ActiveCfg = Test|Any CPU
		{DF067BCE-3258-4250-A289-BFAF86E2CA4A}.Test|Any CPU.Build.0 = Test|Any CPU
	EndGlobalSection
	GlobalSection(SolutionProperties) = preSolution
		HideSolutionNode = FALSE
	EndGlobalSection
	GlobalSection(Performance) = preSolution
		HasPerformanceSessions = true
	EndGlobalSection
EndGlobal
